{
  "version": "4",
  "specifiers": {
    "jsr:@divy/ffigen@*": "0.1.0",
    "jsr:@std/assert@0.224": "0.224.0",
    "jsr:@std/bytes@1": "1.0.4",
    "jsr:@std/bytes@^1.0.2": "1.0.4",
    "jsr:@std/flags@0.224.0": "0.224.0",
    "jsr:@std/io@0.224.6": "0.224.6",
    "npm:@types/react-dom@^19.0.2": "19.0.2_@types+react@19.0.4",
    "npm:mic@*": "2.1.2",
    "npm:node-microphone@*": "0.1.6",
    "npm:node-microphone@~0.1.6": "0.1.6"
  },
  "jsr": {
    "@divy/ffigen@0.1.0": {
      "integrity": "8824cd78fb8f6b07ec00b41b2c8e7306ee06ab5cbd9e8c0a9eafe048c038443a",
      "dependencies": [
        "jsr:@std/flags",
        "jsr:@std/io"
      ]
    },
    "@std/assert@0.224.0": {
      "integrity": "8643233ec7aec38a940a8264a6e3eed9bfa44e7a71cc6b3c8874213ff401967f"
    },
    "@std/bytes@1.0.4": {
      "integrity": "11a0debe522707c95c7b7ef89b478c13fb1583a7cfb9a85674cd2cc2e3a28abc"
    },
    "@std/flags@0.224.0": {
      "integrity": "d40eaf58c356b2e1313c6d4e62dc28b614aad2ddae6f5ff72a969e0b1f5ad689",
      "dependencies": [
        "jsr:@std/assert"
      ]
    },
    "@std/io@0.224.6": {
      "integrity": "eefe034a370be34daf066c8634dd645635d099bb21eccf110f0bdc28d9040891",
      "dependencies": [
        "jsr:@std/bytes@^1.0.2"
      ]
    }
  },
  "npm": {
    "@types/react-dom@19.0.2_@types+react@19.0.4": {
      "integrity": "sha512-c1s+7TKFaDRRxr1TxccIX2u7sfCnc3RxkVyBIUA2lCpyqCF+QoAwQ/CBg7bsMdVwP120HEH143VQezKtef5nCg==",
      "dependencies": [
        "@types/react"
      ]
    },
    "@types/react@19.0.4": {
      "integrity": "sha512-3O4QisJDYr1uTUMZHA2YswiQZRq+Pd8D+GdVFYikTutYsTz+QZgWkAPnP7rx9txoI6EXKcPiluMqWPFV3tT9Wg==",
      "dependencies": [
        "csstype"
      ]
    },
    "csstype@3.1.3": {
      "integrity": "sha512-M1uQkMl8rQK/szD0LNhtqxIPLpimGm8sOBwU7lLnCpSbTyY3yeU1Vc7l4KT5zT4s/yOxHH5O7tIuuLOCnLADRw=="
    },
    "mic@2.1.2": {
      "integrity": "sha512-rpl4tgdXX24sAzYwjRc5OZfGNAuhUIIjdd0cw8+Ubq7rp3iGhi40AdqcwurDWhEZADk60tPOxb3E2MpoeLeyxw=="
    },
    "node-microphone@0.1.6": {
      "integrity": "sha512-5229wtpVYNU2gR8zpkABVSdp4wT9qagJgj6pELEIkAVbOXFmaCM35qN3z4ylu3OwFfEKqQ4h9u8Lb58DzaBieQ=="
    }
  },
  "workspace": {
    "dependencies": [
      "jsr:@divy/ffigen@*",
      "npm:@types/react-dom@^19.0.2",
      "npm:node-microphone@~0.1.6"
    ]
  }
}
